
Microsoft Visual Studio Solution File, Format Version 12.00
# Visual Studio Version 16
VisualStudioVersion = 16.0.28922.388
MinimumVisualStudioVersion = 10.0.40219.1
Project("{FAE04EC0-301F-11D3-BF4B-00C04F79EFBC}") = "ShareLink", "ShareLink\ShareLink.csproj", "{8FE1CB36-F68A-4E91-9C32-A93E78B45E7A}"
EndProject
Global
	GlobalSection(SolutionConfigurationPlatforms) = preSolution
		Debug|Any CPU = Debug|Any CPU
		Release|Any CPU = Release|Any CPU
	EndGlobalSection
	GlobalSection(ProjectConfigurationPlatforms) = postSolution
		{8FE1CB36-F68A-4E91-9C32-A93E78B45E7A}.Debug|Any CPU.ActiveCfg = Debug|Any CPU
		{8FE1CB36-F68A-4E91-9C32-A93E78B45E7A}.Debug|Any CPU.Build.0 = Debug|Any CPU
		{8FE1CB36-F68A-4E91-9C32-A93E78B45E7A}.Release|Any CPU.ActiveCfg = Release|Any CPU
		{8FE1CB36-F68A-4E91-9C32-A93E78B45E7A}.Release|Any CPU.Build.0 = Release|Any CPU
	EndGlobalSection
	GlobalSection(SolutionProperties) = preSolution
		HideSolutionNode = FALSE
	EndGlobalSection
	GlobalSection(ExtensibilityGlobals) = postSolution
		SolutionGuid = {3E8768F0-B75B-49AC-9FFC-010F846C2CE6}
	EndGlobalSection
EndGlobal
